
Microsoft Visual Studio Solution File, Format Version 12.00
# Visual Studio Version 16
VisualStudioVersion = 16.0.29001.49
MinimumVisualStudioVersion = 10.0.40219.1
Project("{FAE04EC0-301F-11D3-BF4B-00C04F79EFBC}") = "CPUPMicroAssemble", "CPUPMicroAssemble\CPUPMicroAssemble.csproj", "{59C2DF21-F2D2-4621-8A8C-A62935B4DB22}"
EndProject
Global
	GlobalSection(SolutionConfigurationPlatforms) = preSolution
		Debug|Any CPU = Debug|Any CPU
		Release|Any CPU = Release|Any CPU
	EndGlobalSection
	GlobalSection(ProjectConfigurationPlatforms) = postSolution
		{59C2DF21-F2D2-4621-8A8C-A62935B4DB22}.Debug|Any CPU.ActiveCfg = Debug|Any CPU
		{59C2DF21-F2D2-4621-8A8C-A62935B4DB22}.Debug|Any CPU.Build.0 = Debug|Any CPU
		{59C2DF21-F2D2-4621-8A8C-A62935B4DB22}.Release|Any CPU.ActiveCfg = Release|Any CPU
		{59C2DF21-F2D2-4621-8A8C-A62935B4DB22}.Release|Any CPU.Build.0 = Release|Any CPU
	EndGlobalSection
	GlobalSection(SolutionProperties) = preSolution
		HideSolutionNode = FALSE
	EndGlobalSection
	GlobalSection(ExtensibilityGlobals) = postSolution
		SolutionGuid = {A16B4CC9-5C27-4182-BB76-CECE753E7A46}
	EndGlobalSection
EndGlobal
